// !$*UTF8*$!
{
	archiveVersion = 1;
	classes = {
	};
	objectVersion = 48;
	objects = {

/* Begin PBXBuildFile section */
		EF0F4F421FF476890070C8D2 /* AppDelegate.swift in Sources */ = {isa = PBXBuildFile; fileRef = EF0F4F411FF476890070C8D2 /* AppDelegate.swift */; };
		EF0F4F441FF476890070C8D2 /* ViewController.swift in Sources */ = {isa = PBXBuildFile; fileRef = EF0F4F431FF476890070C8D2 /* ViewController.swift */; };
		EF0F4F471FF476890070C8D2 /* Main.storyboard in Resources */ = {isa = PBXBuildFile; fileRef = EF0F4F451FF476890070C8D2 /* Main.storyboard */; };
		EF0F4F491FF476890070C8D2 /* Assets.xcassets in Resources */ = {isa = PBXBuildFile; fileRef = EF0F4F481FF476890070C8D2 /* Assets.xcassets */; };
		EF0F4F4C1FF476890070C8D2 /* LaunchScreen.storyboard in Resources */ = {isa = PBXBuildFile; fileRef = EF0F4F4A1FF476890070C8D2 /* LaunchScreen.storyboard */; };
		EF0F4F571FF4768A0070C8D2 /* Tip_CalculatorTests.swift in Sources */ = {isa = PBXBuildFile; fileRef = EF0F4F561FF4768A0070C8D2 /* Tip_CalculatorTests.swift */; };
		EF0F4F621FF4768A0070C8D2 /* Tip_CalculatorUITests.swift in Sources */ = {isa = PBXBuildFile; fileRef = EF0F4F611FF4768A0070C8D2 /* Tip_CalculatorUITests.swift */; };
/* End PBXBuildFile section */

/* Begin PBXContainerItemProxy section */
		EF0F4F531FF4768A0070C8D2 /* PBXContainerItemProxy */ = {
			isa = PBXContainerItemProxy;
			containerPortal = EF0F4F361FF476890070C8D2 /* Project object */;
			proxyType = 1;
			remoteGlobalIDString = EF0F4F3D1FF476890070C8D2;
			remoteInfo = "Tip Calculator";
		};
		EF0F4F5E1FF4768A0070C8D2 /* PBXContainerItemProxy */ = {
			isa = PBXContainerItemProxy;
			containerPortal = EF0F4F361FF476890070C8D2 /* Project object */;
			proxyType = 1;
			remoteGlobalIDString = EF0F4F3D1FF476890070C8D2;
			remoteInfo = "Tip Calculator";
		};
/* End PBXContainerItemProxy section */

/* Begin PBXFileReference section */
		EF0F4F3E1FF476890070C8D2 /* Tip Calculator.app */ = {isa = PBXFileReference; explicitFileType = wrapper.application; includeInIndex = 0; path = "Tip Calculator.app"; sourceTree = BUILT_PRODUCTS_DIR; };
		EF0F4F411FF476890070C8D2 /* AppDelegate.swift */ = {isa = PBXFileReference; lastKnownFileType = sourcecode.swift; path = AppDelegate.swift; sourceTree = "<group>"; };
		EF0F4F431FF476890070C8D2 /* ViewController.swift */ = {isa = PBXFileReference; lastKnownFileType = sourcecode.swift; path = ViewController.swift; sourceTree = "<group>"; };
		EF0F4F461FF476890070C8D2 /* Base */ = {isa = PBXFileReference; lastKnownFileType = file.storyboard; name = Base; path = Base.lproj/Main.storyboard; sourceTree = "<group>"; };
		EF0F4F481FF476890070C8D2 /* Assets.xcassets */ = {isa = PBXFileReference; lastKnownFileType = folder.assetcatalog; path = Assets.xcassets; sourceTree = "<group>"; };
		EF0F4F4B1FF476890070C8D2 /* Base */ = {isa = PBXFileReference; lastKnownFileType = file.storyboard; name = Base; path = Base.lproj/LaunchScreen.storyboard; sourceTree = "<group>"; };
		EF0F4F4D1FF476890070C8D2 /* Info.plist */ = {isa = PBXFileReference; lastKnownFileType = text.plist.xml; path = Info.plist; sourceTree = "<group>"; };
		EF0F4F521FF4768A0070C8D2 /* Tip CalculatorTests.xctest */ = {isa = PBXFileReference; explicitFileType = wrapper.cfbundle; includeInIndex = 0; path = "Tip CalculatorTests.xctest"; sourceTree = BUILT_PRODUCTS_DIR; };
		EF0F4F561FF4768A0070C8D2 /* Tip_CalculatorTests.swift */ = {isa = PBXFileReference; lastKnownFileType = sourcecode.swift; path = Tip_CalculatorTests.swift; sourceTree = "<group>"; };
		EF0F4F581FF4768A0070C8D2 /* Info.plist */ = {isa = PBXFileReference; lastKnownFileType = text.plist.xml; path = Info.plist; sourceTree = "<group>"; };
		EF0F4F5D1FF4768A0070C8D2 /* Tip CalculatorUITests.xctest */ = {isa = PBXFileReference; explicitFileType = wrapper.cfbundle; includeInIndex = 0; path = "Tip CalculatorUITests.xctest"; sourceTree = BUILT_PRODUCTS_DIR; };
		EF0F4F611FF4768A0070C8D2 /* Tip_CalculatorUITests.swift */ = {isa = PBXFileReference; lastKnownFileType = sourcecode.swift; path = Tip_CalculatorUITests.swift; sourceTree = "<group>"; };
		EF0F4F631FF4768A0070C8D2 /* Info.plist */ = {isa = PBXFileReference; lastKnownFileType = text.plist.xml; path = Info.plist; sourceTree = "<group>"; };
/* End PBXFileReference section */

/* Begin PBXFrameworksBuildPhase section */
		EF0F4F3B1FF476890070C8D2 /* Frameworks */ = {
			isa = PBXFrameworksBuildPhase;
			buildActionMask = 2147483647;
			files = (
			);
			runOnlyForDeploymentPostprocessing = 0;
		};
		EF0F4F4F1FF4768A0070C8D2 /* Frameworks */ = {
			isa = PBXFrameworksBuildPhase;
			buildActionMask = 2147483647;
			files = (
			);
			runOnlyForDeploymentPostprocessing = 0;
		};
		EF0F4F5A1FF4768A0070C8D2 /* Frameworks */ = {
			isa = PBXFrameworksBuildPhase;
			buildActionMask = 2147483647;
			files = (
			);
			runOnlyForDeploymentPostprocessing = 0;
		};
/* End PBXFrameworksBuildPhase section */

/* Begin PBXGroup section */
		EF0F4F351FF476890070C8D2 = {
			isa = PBXGroup;
			children = (
				EF0F4F401FF476890070C8D2 /* Tip Calculator */,
				EF0F4F551FF4768A0070C8D2 /* Tip CalculatorTests */,
				EF0F4F601FF4768A0070C8D2 /* Tip CalculatorUITests */,
				EF0F4F3F1FF476890070C8D2 /* Products */,
			);
			sourceTree = "<group>";
		};
		EF0F4F3F1FF476890070C8D2 /* Products */ = {
			isa = PBXGroup;
			children = (
				EF0F4F3E1FF476890070C8D2 /* Tip Calculator.app */,
				EF0F4F521FF4768A0070C8D2 /* Tip CalculatorTests.xctest */,
				EF0F4F5D1FF4768A0070C8D2 /* Tip CalculatorUITests.xctest */,
			);
			name = Products;
			sourceTree = "<group>";
		};
		EF0F4F401FF476890070C8D2 /* Tip Calculator */ = {
			isa = PBXGroup;
			children = (
				EF0F4F411FF476890070C8D2 /* AppDelegate.swift */,
				EF0F4F431FF476890070C8D2 /* ViewController.swift */,
				EF0F4F451FF476890070C8D2 /* Main.storyboard */,
				EF0F4F481FF476890070C8D2 /* Assets.xcassets */,
				EF0F4F4A1FF476890070C8D2 /* LaunchScreen.storyboard */,
				EF0F4F4D1FF476890070C8D2 /* Info.plist */,
			);
			path = "Tip Calculator";
			sourceTree = "<group>";
		};
		EF0F4F551FF4768A0070C8D2 /* Tip CalculatorTests */ = {
			isa = PBXGroup;
			children = (
				EF0F4F561FF4768A0070C8D2 /* Tip_CalculatorTests.swift */,
				EF0F4F581FF4768A0070C8D2 /* Info.plist */,
			);
			path = "Tip CalculatorTests";
			sourceTree = "<group>";
		};
		EF0F4F601FF4768A0070C8D2 /* Tip CalculatorUITests */ = {
			isa = PBXGroup;
			children = (
				EF0F4F611FF4768A0070C8D2 /* Tip_CalculatorUITests.swift */,
				EF0F4F631FF4768A0070C8D2 /* Info.plist */,
			);
			path = "Tip CalculatorUITests";
			sourceTree = "<group>";
		};
/* End PBXGroup section */

/* Begin PBXNativeTarget section */
		EF0F4F3D1FF476890070C8D2 /* Tip Calculator */ = {
			isa = PBXNativeTarget;
			buildConfigurationList = EF0F4F661FF4768A0070C8D2 /* Build configuration list for PBXNativeTarget "Tip Calculator" */;
			buildPhases = (
				EF0F4F3A1FF476890070C8D2 /* Sources */,
				EF0F4F3B1FF476890070C8D2 /* Frameworks */,
				EF0F4F3C1FF476890070C8D2 /* Resources */,
			);
			buildRules = (
			);
			dependencies = (
			);
			name = "Tip Calculator";
			productName = "Tip Calculator";
			productReference = EF0F4F3E1FF476890070C8D2 /* Tip Calculator.app */;
			productType = "com.apple.product-type.application";
		};
		EF0F4F511FF4768A0070C8D2 /* Tip CalculatorTests */ = {
			isa = PBXNativeTarget;
			buildConfigurationList = EF0F4F691FF4768A0070C8D2 /* Build configuration list for PBXNativeTarget "Tip CalculatorTests" */;
			buildPhases = (
				EF0F4F4E1FF4768A0070C8D2 /* Sources */,
				EF0F4F4F1FF4768A0070C8D2 /* Frameworks */,
				EF0F4F501FF4768A0070C8D2 /* Resources */,
			);
			buildRules = (
			);
			dependencies = (
				EF0F4F541FF4768A0070C8D2 /* PBXTargetDependency */,
			);
			name = "Tip CalculatorTests";
			productName = "Tip CalculatorTests";
			productReference = EF0F4F521FF4768A0070C8D2 /* Tip CalculatorTests.xctest */;
			productType = "com.apple.product-type.bundle.unit-test";
		};
		EF0F4F5C1FF4768A0070C8D2 /* Tip CalculatorUITests */ = {
			isa = PBXNativeTarget;
			buildConfigurationList = EF0F4F6C1FF4768A0070C8D2 /* Build configuration list for PBXNativeTarget "Tip CalculatorUITests" */;
			buildPhases = (
				EF0F4F591FF4768A0070C8D2 /* Sources */,
				EF0F4F5A1FF4768A0070C8D2 /* Frameworks */,
				EF0F4F5B1FF4768A0070C8D2 /* Resources */,
			);
			buildRules = (
			);
			dependencies = (
				EF0F4F5F1FF4768A0070C8D2 /* PBXTargetDependency */,
			);
			name = "Tip CalculatorUITests";
			productName = "Tip CalculatorUITests";
			productReference = EF0F4F5D1FF4768A0070C8D2 /* Tip CalculatorUITests.xctest */;
			productType = "com.apple.product-type.bundle.ui-testing";
		};
/* End PBXNativeTarget section */

/* Begin PBXProject section */
		EF0F4F361FF476890070C8D2 /* Project object */ = {
			isa = PBXProject;
			attributes = {
				LastSwiftUpdateCheck = 0900;
				LastUpgradeCheck = 0900;
				ORGANIZATIONNAME = CodePath;
				TargetAttributes = {
					EF0F4F3D1FF476890070C8D2 = {
						CreatedOnToolsVersion = 9.0;
						ProvisioningStyle = Automatic;
					};
					EF0F4F511FF4768A0070C8D2 = {
						CreatedOnToolsVersion = 9.0;
						ProvisioningStyle = Automatic;
						TestTargetID = EF0F4F3D1FF476890070C8D2;
					};
					EF0F4F5C1FF4768A0070C8D2 = {
						CreatedOnToolsVersion = 9.0;
						ProvisioningStyle = Automatic;
						TestTargetID = EF0F4F3D1FF476890070C8D2;
					};
				};
			};
			buildConfigurationList = EF0F4F391FF476890070C8D2 /* Build configuration list for PBXProject "Tip Calculator" */;
			compatibilityVersion = "Xcode 8.0";
			developmentRegion = en;
			hasScannedForEncodings = 0;
			knownRegions = (
				en,
				Base,
			);
			mainGroup = EF0F4F351FF476890070C8D2;
			productRefGroup = EF0F4F3F1FF476890070C8D2 /* Products */;
			projectDirPath = "";
			projectRoot = "";
			targets = (
				EF0F4F3D1FF476890070C8D2 /* Tip Calculator */,
				EF0F4F511FF4768A0070C8D2 /* Tip CalculatorTests */,
				EF0F4F5C1FF4768A0070C8D2 /* Tip CalculatorUITests */,
			);
		};
/* End PBXProject section */

/* Begin PBXResourcesBuildPhase section */
		EF0F4F3C1FF476890070C8D2 /* Resources */ = {
			isa = PBXResourcesBuildPhase;
			buildActionMask = 2147483647;
			files = (
				EF0F4F4C1FF476890070C8D2 /* LaunchScreen.storyboard in Resources */,
				EF0F4F491FF476890070C8D2 /* Assets.xcassets in Resources */,
				EF0F4F471FF476890070C8D2 /* Main.storyboard in Resources */,
			);
			runOnlyForDeploymentPostprocessing = 0;
		};
		EF0F4F501FF4768A0070C8D2 /* Resources */ = {
			isa = PBXResourcesBuildPhase;
			buildActionMask = 2147483647;
			files = (
			);
			runOnlyForDeploymentPostprocessing = 0;
		};
		EF0F4F5B1FF4768A0070C8D2 /* Resources */ = {
			isa = PBXResourcesBuildPhase;
			buildActionMask = 2147483647;
			files = (
			);
			runOnlyForDeploymentPostprocessing = 0;
		};
/* End PBXResourcesBuildPhase section */

/* Begin PBXSourcesBuildPhase section */
		EF0F4F3A1FF476890070C8D2 /* Sources */ = {
			isa = PBXSourcesBuildPhase;
			buildActionMask = 2147483647;
			files = (
				EF0F4F441FF476890070C8D2 /* ViewController.swift in Sources */,
				EF0F4F421FF476890070C8D2 /* AppDelegate.swift in Sources */,
			);
			runOnlyForDeploymentPostprocessing = 0;
		};
		EF0F4F4E1FF4768A0070C8D2 /* Sources */ = {
			isa = PBXSourcesBuildPhase;
			buildActionMask = 2147483647;
			files = (
				EF0F4F571FF4768A0070C8D2 /* Tip_CalculatorTests.swift in Sources */,
			);
			runOnlyForDeploymentPostprocessing = 0;
		};
		EF0F4F591FF4768A0070C8D2 /* Sources */ = {
			isa = PBXSourcesBuildPhase;
			buildActionMask = 2147483647;
			files = (
				EF0F4F621FF4768A0070C8D2 /* Tip_CalculatorUITests.swift in Sources */,
			);
			runOnlyForDeploymentPostprocessing = 0;
		};
/* End PBXSourcesBuildPhase section */

/* Begin PBXTargetDependency section */
		EF0F4F541FF4768A0070C8D2 /* PBXTargetDependency */ = {
			isa = PBXTargetDependency;
			target = EF0F4F3D1FF476890070C8D2 /* Tip Calculator */;
			targetProxy = EF0F4F531FF4768A0070C8D2 /* PBXContainerItemProxy */;
		};
		EF0F4F5F1FF4768A0070C8D2 /* PBXTargetDependency */ = {
			isa = PBXTargetDependency;
			target = EF0F4F3D1FF476890070C8D2 /* Tip Calculator */;
			targetProxy = EF0F4F5E1FF4768A0070C8D2 /* PBXContainerItemProxy */;
		};
/* End PBXTargetDependency section */

/* Begin PBXVariantGroup section */
		EF0F4F451FF476890070C8D2 /* Main.storyboard */ = {
			isa = PBXVariantGroup;
			children = (
				EF0F4F461FF476890070C8D2 /* Base */,
			);
			name = Main.storyboard;
			sourceTree = "<group>";
		};
		EF0F4F4A1FF476890070C8D2 /* LaunchScreen.storyboard */ = {
			isa = PBXVariantGroup;
			children = (
				EF0F4F4B1FF476890070C8D2 /* Base */,
			);
			name = LaunchScreen.storyboard;
			sourceTree = "<group>";
		};
/* End PBXVariantGroup section */

/* Begin XCBuildConfiguration section */
		EF0F4F641FF4768A0070C8D2 /* Debug */ = {
			isa = XCBuildConfiguration;
			buildSettings = {
				ALWAYS_SEARCH_USER_PATHS = NO;
				CLANG_ANALYZER_NONNULL = YES;
				CLANG_ANALYZER_NUMBER_OBJECT_CONVERSION = YES_AGGRESSIVE;
				CLANG_CXX_LANGUAGE_STANDARD = "gnu++14";
				CLANG_CXX_LIBRARY = "libc++";
				CLANG_ENABLE_MODULES = YES;
				CLANG_ENABLE_OBJC_ARC = YES;
				CLANG_WARN_BLOCK_CAPTURE_AUTORELEASING = YES;
				CLANG_WARN_BOOL_CONVERSION = YES;
				CLANG_WARN_COMMA = YES;
				CLANG_WARN_CONSTANT_CONVERSION = YES;
				CLANG_WARN_DIRECT_OBJC_ISA_USAGE = YES_ERROR;
				CLANG_WARN_DOCUMENTATION_COMMENTS = YES;
				CLANG_WARN_EMPTY_BODY = YES;
				CLANG_WARN_ENUM_CONVERSION = YES;
				CLANG_WARN_INFINITE_RECURSION = YES;
				CLANG_WARN_INT_CONVERSION = YES;
				CLANG_WARN_NON_LITERAL_NULL_CONVERSION = YES;
				CLANG_WARN_OBJC_LITERAL_CONVERSION = YES;
				CLANG_WARN_OBJC_ROOT_CLASS = YES_ERROR;
				CLANG_WARN_RANGE_LOOP_ANALYSIS = YES;
				CLANG_WARN_STRICT_PROTOTYPES = YES;
				CLANG_WARN_SUSPICIOUS_MOVE = YES;
				CLANG_WARN_UNGUARDED_AVAILABILITY = YES_AGGRESSIVE;
				CLANG_WARN_UNREACHABLE_CODE = YES;
				CLANG_WARN__DUPLICATE_METHOD_MATCH = YES;
				CODE_SIGN_IDENTITY = "iPhone Developer";
				COPY_PHASE_STRIP = NO;
				DEBUG_INFORMATION_FORMAT = dwarf;
				ENABLE_STRICT_OBJC_MSGSEND = YES;
				ENABLE_TESTABILITY = YES;
				GCC_C_LANGUAGE_STANDARD = gnu11;
				GCC_DYNAMIC_NO_PIC = NO;
				GCC_NO_COMMON_BLOCKS = YES;
				GCC_OPTIMIZATION_LEVEL = 0;
				GCC_PREPROCESSOR_DEFINITIONS = (
					"DEBUG=1",
					"$(inherited)",
				);
				GCC_WARN_64_TO_32_BIT_CONVERSION = YES;
				GCC_WARN_ABOUT_RETURN_TYPE = YES_ERROR;
				GCC_WARN_UNDECLARED_SELECTOR = YES;
				GCC_WARN_UNINITIALIZED_AUTOS = YES_AGGRESSIVE;
				GCC_WARN_UNUSED_FUNCTION = YES;
				GCC_WARN_UNUSED_VARIABLE = YES;
				IPHONEOS_DEPLOYMENT_TARGET = 11.0;
				MTL_ENABLE_DEBUG_INFO = YES;
				ONLY_ACTIVE_ARCH = YES;
				SDKROOT = iphoneos;
				SWIFT_ACTIVE_COMPILATION_CONDITIONS = DEBUG;
				SWIFT_OPTIMIZATION_LEVEL = "-Onone";
			};
			name = Debug;
		};
		EF0F4F651FF4768A0070C8D2 /* Release */ = {
			isa = XCBuildConfiguration;
			buildSettings = {
				ALWAYS_SEARCH_USER_PATHS = NO;
				CLANG_ANALYZER_NONNULL = YES;
				CLANG_ANALYZER_NUMBER_OBJECT_CONVERSION = YES_AGGRESSIVE;
				CLANG_CXX_LANGUAGE_STANDARD = "gnu++14";
				CLANG_CXX_LIBRARY = "libc++";
				CLANG_ENABLE_MODULES = YES;
				CLANG_ENABLE_OBJC_ARC = YES;
				CLANG_WARN_BLOCK_CAPTURE_AUTORELEASING = YES;
				CLANG_WARN_BOOL_CONVERSION = YES;
				CLANG_WARN_COMMA = YES;
				CLANG_WARN_CONSTANT_CONVERSION = YES;
				CLANG_WARN_DIRECT_OBJC_ISA_USAGE = YES_ERROR;
				CLANG_WARN_DOCUMENTATION_COMMENTS = YES;
				CLANG_WARN_EMPTY_BODY = YES;
				CLANG_WARN_ENUM_CONVERSION = YES;
				CLANG_WARN_INFINITE_RECURSION = YES;
				CLANG_WARN_INT_CONVERSION = YES;
				CLANG_WARN_NON_LITERAL_NULL_CONVERSION = YES;
				CLANG_WARN_OBJC_LITERAL_CONVERSION = YES;
				CLANG_WARN_OBJC_ROOT_CLASS = YES_ERROR;
				CLANG_WARN_RANGE_LOOP_ANALYSIS = YES;
				CLANG_WARN_STRICT_PROTOTYPES = YES;
				CLANG_WARN_SUSPICIOUS_MOVE = YES;
				CLANG_WARN_UNGUARDED_AVAILABILITY = YES_AGGRESSIVE;
				CLANG_WARN_UNREACHABLE_CODE = YES;
				CLANG_WARN__DUPLICATE_METHOD_MATCH = YES;
				CODE_SIGN_IDENTITY = "iPhone Developer";
				COPY_PHASE_STRIP = NO;
				DEBUG_INFORMATION_FORMAT = "dwarf-with-dsym";
				ENABLE_NS_ASSERTIONS = NO;
				ENABLE_STRICT_OBJC_MSGSEND = YES;
				GCC_C_LANGUAGE_STANDARD = gnu11;
				GCC_NO_COMMON_BLOCKS = YES;
				GCC_WARN_64_TO_32_BIT_CONVERSION = YES;
				GCC_WARN_ABOUT_RETURN_TYPE = YES_ERROR;
				GCC_WARN_UNDECLARED_SELECTOR = YES;
				GCC_WARN_UNINITIALIZED_AUTOS = YES_AGGRESSIVE;
				GCC_WARN_UNUSED_FUNCTION = YES;
				GCC_WARN_UNUSED_VARIABLE = YES;
				IPHONEOS_DEPLOYMENT_TARGET = 11.0;
				MTL_ENABLE_DEBUG_INFO = NO;
				SDKROOT = iphoneos;
				SWIFT_OPTIMIZATION_LEVEL = "-Owholemodule";
				VALIDATE_PRODUCT = YES;
			};
			name = Release;
		};
		EF0F4F671FF4768A0070C8D2 /* Debug */ = {
			isa = XCBuildConfiguration;
			buildSettings = {
				ASSETCATALOG_COMPILER_APPICON_NAME = AppIcon;
				CODE_SIGN_STYLE = Automatic;
				INFOPLIST_FILE = "Tip Calculator/Info.plist";
				LD_RUNPATH_SEARCH_PATHS = "$(inherited) @executable_path/Frameworks";
				PRODUCT_BUNDLE_IDENTIFIER = "codePath.com.Tip-Calculator";
				PRODUCT_NAME = "$(TARGET_NAME)";
				SWIFT_VERSION = 4.0;
				TARGETED_DEVICE_FAMILY = "1,2";
			};
			name = Debug;
		};
		EF0F4F681FF4768A0070C8D2 /* Release */ = {
			isa = XCBuildConfiguration;
			buildSettings = {
				ASSETCATALOG_COMPILER_APPICON_NAME = AppIcon;
				CODE_SIGN_STYLE = Automatic;
				INFOPLIST_FILE = "Tip Calculator/Info.plist";
				LD_RUNPATH_SEARCH_PATHS = "$(inherited) @executable_path/Frameworks";
				PRODUCT_BUNDLE_IDENTIFIER = "codePath.com.Tip-Calculator";
				PRODUCT_NAME = "$(TARGET_NAME)";
				SWIFT_VERSION = 4.0;
				TARGETED_DEVICE_FAMILY = "1,2";
			};
			name = Release;
		};
		EF0F4F6A1FF4768A0070C8D2 /* Debug */ = {
			isa = XCBuildConfiguration;
			buildSettings = {
				ALWAYS_EMBED_SWIFT_STANDARD_LIBRARIES = YES;
				BUNDLE_LOADER = "$(TEST_HOST)";
				CODE_SIGN_STYLE = Automatic;
				INFOPLIST_FILE = "Tip CalculatorTests/Info.plist";
				LD_RUNPATH_SEARCH_PATHS = "$(inherited) @executable_path/Frameworks @loader_path/Frameworks";
				PRODUCT_BUNDLE_IDENTIFIER = "codePath.com.Tip-CalculatorTests";
				PRODUCT_NAME = "$(TARGET_NAME)";
				SWIFT_VERSION = 4.0;
				TARGETED_DEVICE_FAMILY = "1,2";
				TEST_HOST = "$(BUILT_PRODUCTS_DIR)/Tip Calculator.app/Tip Calculator";
			};
			name = Debug;
		};
		EF0F4F6B1FF4768A0070C8D2 /* Release */ = {
			isa = XCBuildConfiguration;
			buildSettings = {
				ALWAYS_EMBED_SWIFT_STANDARD_LIBRARIES = YES;
				BUNDLE_LOADER = "$(TEST_HOST)";
				CODE_SIGN_STYLE = Automatic;
				INFOPLIST_FILE = "Tip CalculatorTests/Info.plist";
				LD_RUNPATH_SEARCH_PATHS = "$(inherited) @executable_path/Frameworks @loader_path/Frameworks";
				PRODUCT_BUNDLE_IDENTIFIER = "codePath.com.Tip-CalculatorTests";
				PRODUCT_NAME = "$(TARGET_NAME)";
				SWIFT_VERSION = 4.0;
				TARGETED_DEVICE_FAMILY = "1,2";
				TEST_HOST = "$(BUILT_PRODUCTS_DIR)/Tip Calculator.app/Tip Calculator";
			};
			name = Release;
		};
		EF0F4F6D1FF4768A0070C8D2 /* Debug */ = {
			isa = XCBuildConfiguration;
			buildSettings = {
				ALWAYS_EMBED_SWIFT_STANDARD_LIBRARIES = YES;
				CODE_SIGN_STYLE = Automatic;
				INFOPLIST_FILE = "Tip CalculatorUITests/Info.plist";
				LD_RUNPATH_SEARCH_PATHS = "$(inherited) @executable_path/Frameworks @loader_path/Frameworks";
				PRODUCT_BUNDLE_IDENTIFIER = "codePath.com.Tip-CalculatorUITests";
				PRODUCT_NAME = "$(TARGET_NAME)";
				SWIFT_VERSION = 4.0;
				TARGETED_DEVICE_FAMILY = "1,2";
				TEST_TARGET_NAME = "Tip Calculator";
			};
			name = Debug;
		};
		EF0F4F6E1FF4768A0070C8D2 /* Release */ = {
			isa = XCBuildConfiguration;
			buildSettings = {
				ALWAYS_EMBED_SWIFT_STANDARD_LIBRARIES = YES;
				CODE_SIGN_STYLE = Automatic;
				INFOPLIST_FILE = "Tip CalculatorUITests/Info.plist";
				LD_RUNPATH_SEARCH_PATHS = "$(inherited) @executable_path/Frameworks @loader_path/Frameworks";
				PRODUCT_BUNDLE_IDENTIFIER = "codePath.com.Tip-CalculatorUITests";
				PRODUCT_NAME = "$(TARGET_NAME)";
				SWIFT_VERSION = 4.0;
				TARGETED_DEVICE_FAMILY = "1,2";
				TEST_TARGET_NAME = "Tip Calculator";
			};
			name = Release;
		};
/* End XCBuildConfiguration section */

/* Begin XCConfigurationList section */
		EF0F4F391FF476890070C8D2 /* Build configuration list for PBXProject "Tip Calculator" */ = {
			isa = XCConfigurationList;
			buildConfigurations = (
				EF0F4F641FF4768A0070C8D2 /* Debug */,
				EF0F4F651FF4768A0070C8D2 /* Release */,
			);
			defaultConfigurationIsVisible = 0;
			defaultConfigurationName = Release;
		};
		EF0F4F661FF4768A0070C8D2 /* Build configuration list for PBXNativeTarget "Tip Calculator" */ = {
			isa = XCConfigurationList;
			buildConfigurations = (
				EF0F4F671FF4768A0070C8D2 /* Debug */,
				EF0F4F681FF4768A0070C8D2 /* Release */,
			);
			defaultConfigurationIsVisible = 0;
			defaultConfigurationName = Release;
		};
		EF0F4F691FF4768A0070C8D2 /* Build configuration list for PBXNativeTarget "Tip CalculatorTests" */ = {
			isa = XCConfigurationList;
			buildConfigurations = (
				EF0F4F6A1FF4768A0070C8D2 /* Debug */,
				EF0F4F6B1FF4768A0070C8D2 /* Release */,
			);
			defaultConfigurationIsVisible = 0;
			defaultConfigurationName = Release;
		};
		EF0F4F6C1FF4768A0070C8D2 /* Build configuration list for PBXNativeTarget "Tip CalculatorUITests" */ = {
			isa = XCConfigurationList;
			buildConfigurations = (
				EF0F4F6D1FF4768A0070C8D2 /* Debug */,
				EF0F4F6E1FF4768A0070C8D2 /* Release */,
			);
			defaultConfigurationIsVisible = 0;
			defaultConfigurationName = Release;
		};
/* End XCConfigurationList section */
	};
	rootObject = EF0F4F361FF476890070C8D2 /* Project object */;
}
